
Microsoft Visual Studio Solution File, Format Version 12.00
# Visual Studio Version 17
VisualStudioVersion = 17.5.002.0
MinimumVisualStudioVersion = 10.0.40219.1
Project("{2150E333-8FDC-42A3-9474-1A3956D46DE8}") = "csharp-prep", "csharp-prep", "{B9C9BEC7-7FD4-48EA-8536-E8E1C3663660}"
EndProject
Project("{9A19103F-16F7-4668-BE54-9A1E7A4F7556}") = "Prep1", "csharp-prep\Prep1\Prep1.csproj", "{5120334F-8BB5-482C-9690-EA2C09CAF28A}"
EndProject
Project("{9A19103F-16F7-4668-BE54-9A1E7A4F7556}") = "Prep2", "csharp-prep\Prep2\Prep2.csproj", "{7B61A274-0484-466D-8437-628C19A61973}"
EndProject
Project("{9A19103F-16F7-4668-BE54-9A1E7A4F7556}") = "Prep3", "csharp-prep\Prep3\Prep3.csproj", "{3D1E3404-30FC-4AE6-90C6-5D78300234C6}"
EndProject
Project("{9A19103F-16F7-4668-BE54-9A1E7A4F7556}") = "Prep4", "csharp-prep\Prep4\Prep4.csproj", "{300B7D74-1C5D-4515-8440-239F22DA81E9}"
EndProject
Project("{9A19103F-16F7-4668-BE54-9A1E7A4F7556}") = "Prep5", "csharp-prep\Prep5\Prep5.csproj", "{D2436A86-8286-44DD-BC72-863DFF0F5216}"
EndProject
Project("{2150E333-8FDC-42A3-9474-1A3956D46DE8}") = "final", "final", "{483ACD1C-FF92-4EBF-865F-ACEB34223E83}"
EndProject
Project("{9A19103F-16F7-4668-BE54-9A1E7A4F7556}") = "FinalProject", "final\FinalProject\FinalProject.csproj", "{F9FC2F0C-E4FB-477D-A2F4-9B43DD50C6A6}"
EndProject
Project("{9A19103F-16F7-4668-BE54-9A1E7A4F7556}") = "Foundation1", "final\Foundation1\Foundation1.csproj", "{8438B52B-DA43-48E0-AF77-E335B2DDE0FB}"
EndProject
Project("{9A19103F-16F7-4668-BE54-9A1E7A4F7556}") = "Foundation2", "final\Foundation2\Foundation2.csproj", "{11A65D25-C186-4E1E-8ADA-D28F88912BD0}"
EndProject
Project("{9A19103F-16F7-4668-BE54-9A1E7A4F7556}") = "Foundation3", "final\Foundation3\Foundation3.csproj", "{03D8E6B0-EE91-4D9D-A5CF-628E72CDDC1D}"
EndProject
Project("{9A19103F-16F7-4668-BE54-9A1E7A4F7556}") = "Foundation4", "final\Foundation4\Foundation4.csproj", "{0A35FC8B-424B-4FF1-A3C9-0F37410DA862}"
EndProject
Project("{2150E333-8FDC-42A3-9474-1A3956D46DE8}") = "prepare", "prepare", "{CBC43DA7-83F4-4E64-8EA6-F1C0902CC4CF}"
EndProject
Project("{9A19103F-16F7-4668-BE54-9A1E7A4F7556}") = "Learning02", "prepare\Learning02\Learning02.csproj", "{44B4C932-7AE5-4056-92CF-82525D986A42}"
EndProject
Project("{9A19103F-16F7-4668-BE54-9A1E7A4F7556}") = "Learning03", "prepare\Learning03\Learning03.csproj", "{680E99D2-5689-4F65-9E22-C2803B7EB7B7}"
EndProject
Project("{9A19103F-16F7-4668-BE54-9A1E7A4F7556}") = "Learning04", "prepare\Learning04\Learning04.csproj", "{42602CEC-906A-4BBE-887C-8D37AF32C7F0}"
EndProject
Project("{9A19103F-16F7-4668-BE54-9A1E7A4F7556}") = "Learning05", "prepare\Learning05\Learning05.csproj", "{E2FF36BC-A8F2-4D88-9C3C-F2E2A979D231}"
EndProject
Project("{2150E333-8FDC-42A3-9474-1A3956D46DE8}") = "prove", "prove", "{038F0B67-6B07-4BA8-A1C1-FD569977DC38}"
EndProject
Project("{9A19103F-16F7-4668-BE54-9A1E7A4F7556}") = "Develop02", "prove\Develop02\Develop02.csproj", "{FB9944F6-9B87-46D9-AE02-3696D08206FD}"
EndProject
Project("{9A19103F-16F7-4668-BE54-9A1E7A4F7556}") = "Develop03", "prove\Develop03\Develop03.csproj", "{7268CE9F-5489-4D59-9E75-6E095ABAD8AE}"
EndProject
Project("{9A19103F-16F7-4668-BE54-9A1E7A4F7556}") = "Develop04", "prove\Develop04\Develop04.csproj", "{05B039B3-894B-4949-988D-B74DEDF1EE13}"
EndProject
Project("{9A19103F-16F7-4668-BE54-9A1E7A4F7556}") = "Develop05", "prove\Develop05\Develop05.csproj", "{84C513D0-D131-4CD9-B133-3298B8A16020}"
EndProject
Project("{2150E333-8FDC-42A3-9474-1A3956D46DE8}") = "sandbox", "sandbox", "{FB2E11FE-BEC2-4ED6-992A-33B57D973365}"
EndProject
Project("{9A19103F-16F7-4668-BE54-9A1E7A4F7556}") = "Sandbox", "sandbox\Sandbox\Sandbox.csproj", "{157FAACB-AA6E-46DF-A260-78EDDD0E913A}"
EndProject
Global
	GlobalSection(SolutionConfigurationPlatforms) = preSolution
		Debug|Any CPU = Debug|Any CPU
		Release|Any CPU = Release|Any CPU
	EndGlobalSection
	GlobalSection(ProjectConfigurationPlatforms) = postSolution
		{5120334F-8BB5-482C-9690-EA2C09CAF28A}.Debug|Any CPU.ActiveCfg = Debug|Any CPU
		{5120334F-8BB5-482C-9690-EA2C09CAF28A}.Debug|Any CPU.Build.0 = Debug|Any CPU
		{5120334F-8BB5-482C-9690-EA2C09CAF28A}.Release|Any CPU.ActiveCfg = Release|Any CPU
		{5120334F-8BB5-482C-9690-EA2C09CAF28A}.Release|Any CPU.Build.0 = Release|Any CPU
		{7B61A274-0484-466D-8437-628C19A61973}.Debug|Any CPU.ActiveCfg = Debug|Any CPU
		{7B61A274-0484-466D-8437-628C19A61973}.Debug|Any CPU.Build.0 = Debug|Any CPU
		{7B61A274-0484-466D-8437-628C19A61973}.Release|Any CPU.ActiveCfg = Release|Any CPU
		{7B61A274-0484-466D-8437-628C19A61973}.Release|Any CPU.Build.0 = Release|Any CPU
		{3D1E3404-30FC-4AE6-90C6-5D78300234C6}.Debug|Any CPU.ActiveCfg = Debug|Any CPU
		{3D1E3404-30FC-4AE6-90C6-5D78300234C6}.Debug|Any CPU.Build.0 = Debug|Any CPU
		{3D1E3404-30FC-4AE6-90C6-5D78300234C6}.Release|Any CPU.ActiveCfg = Release|Any CPU
		{3D1E3404-30FC-4AE6-90C6-5D78300234C6}.Release|Any CPU.Build.0 = Release|Any CPU
		{300B7D74-1C5D-4515-8440-239F22DA81E9}.Debug|Any CPU.ActiveCfg = Debug|Any CPU
		{300B7D74-1C5D-4515-8440-239F22DA81E9}.Debug|Any CPU.Build.0 = Debug|Any CPU
		{300B7D74-1C5D-4515-8440-239F22DA81E9}.Release|Any CPU.ActiveCfg = Release|Any CPU
		{300B7D74-1C5D-4515-8440-239F22DA81E9}.Release|Any CPU.Build.0 = Release|Any CPU
		{D2436A86-8286-44DD-BC72-863DFF0F5216}.Debug|Any CPU.ActiveCfg = Debug|Any CPU
		{D2436A86-8286-44DD-BC72-863DFF0F5216}.Debug|Any CPU.Build.0 = Debug|Any CPU
		{D2436A86-8286-44DD-BC72-863DFF0F5216}.Release|Any CPU.ActiveCfg = Release|Any CPU
		{D2436A86-8286-44DD-BC72-863DFF0F5216}.Release|Any CPU.Build.0 = Release|Any CPU
		{F9FC2F0C-E4FB-477D-A2F4-9B43DD50C6A6}.Debug|Any CPU.ActiveCfg = Debug|Any CPU
		{F9FC2F0C-E4FB-477D-A2F4-9B43DD50C6A6}.Debug|Any CPU.Build.0 = Debug|Any CPU
		{F9FC2F0C-E4FB-477D-A2F4-9B43DD50C6A6}.Release|Any CPU.ActiveCfg = Release|Any CPU
		{F9FC2F0C-E4FB-477D-A2F4-9B43DD50C6A6}.Release|Any CPU.Build.0 = Release|Any CPU
		{8438B52B-DA43-48E0-AF77-E335B2DDE0FB}.Debug|Any CPU.ActiveCfg = Debug|Any CPU
		{8438B52B-DA43-48E0-AF77-E335B2DDE0FB}.Debug|Any CPU.Build.0 = Debug|Any CPU
		{8438B52B-DA43-48E0-AF77-E335B2DDE0FB}.Release|Any CPU.ActiveCfg = Release|Any CPU
		{8438B52B-DA43-48E0-AF77-E335B2DDE0FB}.Release|Any CPU.Build.0 = Release|Any CPU
		{11A65D25-C186-4E1E-8ADA-D28F88912BD0}.Debug|Any CPU.ActiveCfg = Debug|Any CPU
		{11A65D25-C186-4E1E-8ADA-D28F88912BD0}.Debug|Any CPU.Build.0 = Debug|Any CPU
		{11A65D25-C186-4E1E-8ADA-D28F88912BD0}.Release|Any CPU.ActiveCfg = Release|Any CPU
		{11A65D25-C186-4E1E-8ADA-D28F88912BD0}.Release|Any CPU.Build.0 = Release|Any CPU
		{03D8E6B0-EE91-4D9D-A5CF-628E72CDDC1D}.Debug|Any CPU.ActiveCfg = Debug|Any CPU
		{03D8E6B0-EE91-4D9D-A5CF-628E72CDDC1D}.Debug|Any CPU.Build.0 = Debug|Any CPU
		{03D8E6B0-EE91-4D9D-A5CF-628E72CDDC1D}.Release|Any CPU.ActiveCfg = Release|Any CPU
		{03D8E6B0-EE91-4D9D-A5CF-628E72CDDC1D}.Release|Any CPU.Build.0 = Release|Any CPU
		{0A35FC8B-424B-4FF1-A3C9-0F37410DA862}.Debug|Any CPU.ActiveCfg = Debug|Any CPU
		{0A35FC8B-424B-4FF1-A3C9-0F37410DA862}.Debug|Any CPU.Build.0 = Debug|Any CPU
		{0A35FC8B-424B-4FF1-A3C9-0F37410DA862}.Release|Any CPU.ActiveCfg = Release|Any CPU
		{0A35FC8B-424B-4FF1-A3C9-0F37410DA862}.Release|Any CPU.Build.0 = Release|Any CPU
		{44B4C932-7AE5-4056-92CF-82525D986A42}.Debug|Any CPU.ActiveCfg = Debug|Any CPU
		{44B4C932-7AE5-4056-92CF-82525D986A42}.Debug|Any CPU.Build.0 = Debug|Any CPU
		{44B4C932-7AE5-4056-92CF-82525D986A42}.Release|Any CPU.ActiveCfg = Release|Any CPU
		{44B4C932-7AE5-4056-92CF-82525D986A42}.Release|Any CPU.Build.0 = Release|Any CPU
		{680E99D2-5689-4F65-9E22-C2803B7EB7B7}.Debug|Any CPU.ActiveCfg = Debug|Any CPU
		{680E99D2-5689-4F65-9E22-C2803B7EB7B7}.Debug|Any CPU.Build.0 = Debug|Any CPU
		{680E99D2-5689-4F65-9E22-C2803B7EB7B7}.Release|Any CPU.ActiveCfg = Release|Any CPU
		{680E99D2-5689-4F65-9E22-C2803B7EB7B7}.Release|Any CPU.Build.0 = Release|Any CPU
		{42602CEC-906A-4BBE-887C-8D37AF32C7F0}.Debug|Any CPU.ActiveCfg = Debug|Any CPU
		{42602CEC-906A-4BBE-887C-8D37AF32C7F0}.Debug|Any CPU.Build.0 = Debug|Any CPU
		{42602CEC-906A-4BBE-887C-8D37AF32C7F0}.Release|Any CPU.ActiveCfg = Release|Any CPU
		{42602CEC-906A-4BBE-887C-8D37AF32C7F0}.Release|Any CPU.Build.0 = Release|Any CPU
		{E2FF36BC-A8F2-4D88-9C3C-F2E2A979D231}.Debug|Any CPU.ActiveCfg = Debug|Any CPU
		{E2FF36BC-A8F2-4D88-9C3C-F2E2A979D231}.Debug|Any CPU.Build.0 = Debug|Any CPU
		{E2FF36BC-A8F2-4D88-9C3C-F2E2A979D231}.Release|Any CPU.ActiveCfg = Release|Any CPU
		{E2FF36BC-A8F2-4D88-9C3C-F2E2A979D231}.Release|Any CPU.Build.0 = Release|Any CPU
		{FB9944F6-9B87-46D9-AE02-3696D08206FD}.Debug|Any CPU.ActiveCfg = Debug|Any CPU
		{FB9944F6-9B87-46D9-AE02-3696D08206FD}.Debug|Any CPU.Build.0 = Debug|Any CPU
		{FB9944F6-9B87-46D9-AE02-3696D08206FD}.Release|Any CPU.ActiveCfg = Release|Any CPU
		{FB9944F6-9B87-46D9-AE02-3696D08206FD}.Release|Any CPU.Build.0 = Release|Any CPU
		{7268CE9F-5489-4D59-9E75-6E095ABAD8AE}.Debug|Any CPU.ActiveCfg = Debug|Any CPU
		{7268CE9F-5489-4D59-9E75-6E095ABAD8AE}.Debug|Any CPU.Build.0 = Debug|Any CPU
		{7268CE9F-5489-4D59-9E75-6E095ABAD8AE}.Release|Any CPU.ActiveCfg = Release|Any CPU
		{7268CE9F-5489-4D59-9E75-6E095ABAD8AE}.Release|Any CPU.Build.0 = Release|Any CPU
		{05B039B3-894B-4949-988D-B74DEDF1EE13}.Debug|Any CPU.ActiveCfg = Debug|Any CPU
		{05B039B3-894B-4949-988D-B74DEDF1EE13}.Debug|Any CPU.Build.0 = Debug|Any CPU
		{05B039B3-894B-4949-988D-B74DEDF1EE13}.Release|Any CPU.ActiveCfg = Release|Any CPU
		{05B039B3-894B-4949-988D-B74DEDF1EE13}.Release|Any CPU.Build.0 = Release|Any CPU
		{84C513D0-D131-4CD9-B133-3298B8A16020}.Debug|Any CPU.ActiveCfg = Debug|Any CPU
		{84C513D0-D131-4CD9-B133-3298B8A16020}.Debug|Any CPU.Build.0 = Debug|Any CPU
		{84C513D0-D131-4CD9-B133-3298B8A16020}.Release|Any CPU.ActiveCfg = Release|Any CPU
		{84C513D0-D131-4CD9-B133-3298B8A16020}.Release|Any CPU.Build.0 = Release|Any CPU
		{157FAACB-AA6E-46DF-A260-78EDDD0E913A}.Debug|Any CPU.ActiveCfg = Debug|Any CPU
		{157FAACB-AA6E-46DF-A260-78EDDD0E913A}.Debug|Any CPU.Build.0 = Debug|Any CPU
		{157FAACB-AA6E-46DF-A260-78EDDD0E913A}.Release|Any CPU.ActiveCfg = Release|Any CPU
		{157FAACB-AA6E-46DF-A260-78EDDD0E913A}.Release|Any CPU.Build.0 = Release|Any CPU
	EndGlobalSection
	GlobalSection(SolutionProperties) = preSolution
		HideSolutionNode = FALSE
	EndGlobalSection
	GlobalSection(NestedProjects) = preSolution
		{5120334F-8BB5-482C-9690-EA2C09CAF28A} = {B9C9BEC7-7FD4-48EA-8536-E8E1C3663660}
		{7B61A274-0484-466D-8437-628C19A61973} = {B9C9BEC7-7FD4-48EA-8536-E8E1C3663660}
		{3D1E3404-30FC-4AE6-90C6-5D78300234C6} = {B9C9BEC7-7FD4-48EA-8536-E8E1C3663660}
		{300B7D74-1C5D-4515-8440-239F22DA81E9} = {B9C9BEC7-7FD4-48EA-8536-E8E1C3663660}
		{D2436A86-8286-44DD-BC72-863DFF0F5216} = {B9C9BEC7-7FD4-48EA-8536-E8E1C3663660}
		{F9FC2F0C-E4FB-477D-A2F4-9B43DD50C6A6} = {483ACD1C-FF92-4EBF-865F-ACEB34223E83}
		{8438B52B-DA43-48E0-AF77-E335B2DDE0FB} = {483ACD1C-FF92-4EBF-865F-ACEB34223E83}
		{11A65D25-C186-4E1E-8ADA-D28F88912BD0} = {483ACD1C-FF92-4EBF-865F-ACEB34223E83}
		{03D8E6B0-EE91-4D9D-A5CF-628E72CDDC1D} = {483ACD1C-FF92-4EBF-865F-ACEB34223E83}
		{0A35FC8B-424B-4FF1-A3C9-0F37410DA862} = {483ACD1C-FF92-4EBF-865F-ACEB34223E83}
		{44B4C932-7AE5-4056-92CF-82525D986A42} = {CBC43DA7-83F4-4E64-8EA6-F1C0902CC4CF}
		{680E99D2-5689-4F65-9E22-C2803B7EB7B7} = {CBC43DA7-83F4-4E64-8EA6-F1C0902CC4CF}
		{42602CEC-906A-4BBE-887C-8D37AF32C7F0} = {CBC43DA7-83F4-4E64-8EA6-F1C0902CC4CF}
		{E2FF36BC-A8F2-4D88-9C3C-F2E2A979D231} = {CBC43DA7-83F4-4E64-8EA6-F1C0902CC4CF}
		{FB9944F6-9B87-46D9-AE02-3696D08206FD} = {038F0B67-6B07-4BA8-A1C1-FD569977DC38}
		{7268CE9F-5489-4D59-9E75-6E095ABAD8AE} = {038F0B67-6B07-4BA8-A1C1-FD569977DC38}
		{05B039B3-894B-4949-988D-B74DEDF1EE13} = {038F0B67-6B07-4BA8-A1C1-FD569977DC38}
		{84C513D0-D131-4CD9-B133-3298B8A16020} = {038F0B67-6B07-4BA8-A1C1-FD569977DC38}
		{157FAACB-AA6E-46DF-A260-78EDDD0E913A} = {FB2E11FE-BEC2-4ED6-992A-33B57D973365}
	EndGlobalSection
	GlobalSection(ExtensibilityGlobals) = postSolution
		SolutionGuid = {5B7F33D3-F753-4F5D-894C-E6608AFDBF3D}
	EndGlobalSection
EndGlobal
